
Microsoft Visual Studio Solution File, Format Version 12.00
# Visual Studio 14
VisualStudioVersion = 14.0.25420.1
MinimumVisualStudioVersion = 10.0.40219.1
Project("{FAE04EC0-301F-11D3-BF4B-00C04F79EFBC}") = "GPS_Parsing", "TEST-GPS_Parsing\GPS_Parsing.csproj", "{E946018B-F3FB-4658-8338-0FD36A13A65D}"
EndProject
Project("{8BC9CEB8-8B4A-11D0-8D11-00A0C91BC942}") = "VideoStreamCPlusPlus", "ObjectTracker\ObjectTracker.vcxproj", "{E063E22E-EB45-45B3-B4F7-84E1F2FA3D84}"
EndProject
Project("{FAE04EC0-301F-11D3-BF4B-00C04F79EFBC}") = "VideoStreamCSharp", "VideoStreamCSharp\VideoStreamCSharp.csproj", "{2665B1F9-C4F1-413E-B6AD-F8A615D9321F}"
EndProject
Project("{FAE04EC0-301F-11D3-BF4B-00C04F79EFBC}") = "GPS_ParsingTests", "GPS_ParsingTests\GPS_ParsingTests.csproj", "{EFB69BF6-86B5-43EB-A94F-55316FC63300}"
EndProject
Global
	GlobalSection(SolutionConfigurationPlatforms) = preSolution
		Debug|Any CPU = Debug|Any CPU
		Debug|x64 = Debug|x64
		Debug|x86 = Debug|x86
		Release|Any CPU = Release|Any CPU
		Release|x64 = Release|x64
		Release|x86 = Release|x86
	EndGlobalSection
	GlobalSection(ProjectConfigurationPlatforms) = postSolution
		{E946018B-F3FB-4658-8338-0FD36A13A65D}.Debug|Any CPU.ActiveCfg = Debug|Any CPU
		{E946018B-F3FB-4658-8338-0FD36A13A65D}.Debug|Any CPU.Build.0 = Debug|Any CPU
		{E946018B-F3FB-4658-8338-0FD36A13A65D}.Debug|x64.ActiveCfg = Debug|Any CPU
		{E946018B-F3FB-4658-8338-0FD36A13A65D}.Debug|x64.Build.0 = Debug|Any CPU
		{E946018B-F3FB-4658-8338-0FD36A13A65D}.Debug|x86.ActiveCfg = Debug|Any CPU
		{E946018B-F3FB-4658-8338-0FD36A13A65D}.Debug|x86.Build.0 = Debug|Any CPU
		{E946018B-F3FB-4658-8338-0FD36A13A65D}.Release|Any CPU.ActiveCfg = Release|Any CPU
		{E946018B-F3FB-4658-8338-0FD36A13A65D}.Release|Any CPU.Build.0 = Release|Any CPU
		{E946018B-F3FB-4658-8338-0FD36A13A65D}.Release|x64.ActiveCfg = Release|Any CPU
		{E946018B-F3FB-4658-8338-0FD36A13A65D}.Release|x64.Build.0 = Release|Any CPU
		{E946018B-F3FB-4658-8338-0FD36A13A65D}.Release|x86.ActiveCfg = Release|Any CPU
		{E946018B-F3FB-4658-8338-0FD36A13A65D}.Release|x86.Build.0 = Release|Any CPU
		{E063E22E-EB45-45B3-B4F7-84E1F2FA3D84}.Debug|Any CPU.ActiveCfg = Debug|x64
		{E063E22E-EB45-45B3-B4F7-84E1F2FA3D84}.Debug|x64.ActiveCfg = Debug|x64
		{E063E22E-EB45-45B3-B4F7-84E1F2FA3D84}.Debug|x64.Build.0 = Debug|x64
		{E063E22E-EB45-45B3-B4F7-84E1F2FA3D84}.Debug|x86.ActiveCfg = Debug|Win32
		{E063E22E-EB45-45B3-B4F7-84E1F2FA3D84}.Debug|x86.Build.0 = Debug|Win32
		{E063E22E-EB45-45B3-B4F7-84E1F2FA3D84}.Release|Any CPU.ActiveCfg = Release|Win32
		{E063E22E-EB45-45B3-B4F7-84E1F2FA3D84}.Release|x64.ActiveCfg = Release|x64
		{E063E22E-EB45-45B3-B4F7-84E1F2FA3D84}.Release|x64.Build.0 = Release|x64
		{E063E22E-EB45-45B3-B4F7-84E1F2FA3D84}.Release|x86.ActiveCfg = Release|Win32
		{E063E22E-EB45-45B3-B4F7-84E1F2FA3D84}.Release|x86.Build.0 = Release|Win32
		{2665B1F9-C4F1-413E-B6AD-F8A615D9321F}.Debug|Any CPU.ActiveCfg = Debug|Any CPU
		{2665B1F9-C4F1-413E-B6AD-F8A615D9321F}.Debug|Any CPU.Build.0 = Debug|Any CPU
		{2665B1F9-C4F1-413E-B6AD-F8A615D9321F}.Debug|x64.ActiveCfg = Debug|Any CPU
		{2665B1F9-C4F1-413E-B6AD-F8A615D9321F}.Debug|x64.Build.0 = Debug|Any CPU
		{2665B1F9-C4F1-413E-B6AD-F8A615D9321F}.Debug|x86.ActiveCfg = Debug|Any CPU
		{2665B1F9-C4F1-413E-B6AD-F8A615D9321F}.Debug|x86.Build.0 = Debug|Any CPU
		{2665B1F9-C4F1-413E-B6AD-F8A615D9321F}.Release|Any CPU.ActiveCfg = Release|Any CPU
		{2665B1F9-C4F1-413E-B6AD-F8A615D9321F}.Release|Any CPU.Build.0 = Release|Any CPU
		{2665B1F9-C4F1-413E-B6AD-F8A615D9321F}.Release|x64.ActiveCfg = Release|Any CPU
		{2665B1F9-C4F1-413E-B6AD-F8A615D9321F}.Release|x64.Build.0 = Release|Any CPU
		{2665B1F9-C4F1-413E-B6AD-F8A615D9321F}.Release|x86.ActiveCfg = Release|Any CPU
		{2665B1F9-C4F1-413E-B6AD-F8A615D9321F}.Release|x86.Build.0 = Release|Any CPU
		{EFB69BF6-86B5-43EB-A94F-55316FC63300}.Debug|Any CPU.ActiveCfg = Debug|Any CPU
		{EFB69BF6-86B5-43EB-A94F-55316FC63300}.Debug|Any CPU.Build.0 = Debug|Any CPU
		{EFB69BF6-86B5-43EB-A94F-55316FC63300}.Debug|x64.ActiveCfg = Debug|Any CPU
		{EFB69BF6-86B5-43EB-A94F-55316FC63300}.Debug|x64.Build.0 = Debug|Any CPU
		{EFB69BF6-86B5-43EB-A94F-55316FC63300}.Debug|x86.ActiveCfg = Debug|Any CPU
		{EFB69BF6-86B5-43EB-A94F-55316FC63300}.Debug|x86.Build.0 = Debug|Any CPU
		{EFB69BF6-86B5-43EB-A94F-55316FC63300}.Release|Any CPU.ActiveCfg = Release|Any CPU
		{EFB69BF6-86B5-43EB-A94F-55316FC63300}.Release|Any CPU.Build.0 = Release|Any CPU
		{EFB69BF6-86B5-43EB-A94F-55316FC63300}.Release|x64.ActiveCfg = Release|Any CPU
		{EFB69BF6-86B5-43EB-A94F-55316FC63300}.Release|x64.Build.0 = Release|Any CPU
		{EFB69BF6-86B5-43EB-A94F-55316FC63300}.Release|x86.ActiveCfg = Release|Any CPU
		{EFB69BF6-86B5-43EB-A94F-55316FC63300}.Release|x86.Build.0 = Release|Any CPU
	EndGlobalSection
	GlobalSection(SolutionProperties) = preSolution
		HideSolutionNode = FALSE
	EndGlobalSection
EndGlobal
